{
  "name": "poxagents",
  "version": "1.0.0",
  "lockfileVersion": 3,
  "requires": true,
  "packages": {
    "": {
      "name": "poxagents",
      "version": "1.0.0",
      "license": "MIT",
      "dependencies": {
        "@stacks/common": "^7.0.2",
        "@stacks/network": "^7.0.2",
        "@stacks/transactions": "^7.0.5",
        "@stacks/wallet-sdk": "^7.0.5",
        "axios": "^1.8.3",
        "dotenv": "^16.4.7",
        "openai": "^4.76.3",
        "readline": "^1.3.0",
        "sbtc": "^0.3.2"
      },
      "devDependencies": {
        "@types/bun": "latest"
      },
      "peerDependencies": {
        "typescript": "^5.0.0"
      }
    },
    "node_modules/@btc-helpers/rpc": {
      "version": "2.0.0",
      "resolved": "https://registry.npmjs.org/@btc-helpers/rpc/-/rpc-2.0.0.tgz",
      "integrity": "sha512-Y5T3MUCW3lMENJiOJEk4DOwTW6GY/b/xmcf+kxoPZZw2uCyY+m3a9wV9wrJdIceqv3ET2iLFbGHjLwl25UYwGA==",
      "dependencies": {
        "@scure/base": "^1.1.1",
        "cross-fetch": "^3.1.5"
      }
    },
    "node_modules/@noble/curves": {
      "version": "1.8.1",
      "resolved": "https://registry.npmjs.org/@noble/curves/-/curves-1.8.1.tgz",
      "integrity": "sha512-warwspo+UYUPep0Q+vtdVB4Ugn8GGQj8iyB3gnRWsztmUHTI3S1nhdiWNsPUGL0vud7JlRRk1XEu7Lq1KGTnMQ==",
      "dependencies": {
        "@noble/hashes": "1.7.1"
      },
      "engines": {
        "node": "^14.21.3 || >=16"
      },
      "funding": {
        "url": "https://paulmillr.com/funding/"
      }
    },
    "node_modules/@noble/curves/node_modules/@noble/hashes": {
      "version": "1.7.1",
      "resolved": "https://registry.npmjs.org/@noble/hashes/-/hashes-1.7.1.tgz",
      "integrity": "sha512-B8XBPsn4vT/KJAGqDzbwztd+6Yte3P4V7iafm24bxgDe/mlRuK6xmWPuCNrKt2vDafZ8MfJLlchDG/vYafQEjQ==",
      "engines": {
        "node": "^14.21.3 || >=16"
      },
      "funding": {
        "url": "https://paulmillr.com/funding/"
      }
    },
    "node_modules/@noble/hashes": {
      "version": "1.1.5",
      "resolved": "https://registry.npmjs.org/@noble/hashes/-/hashes-1.1.5.tgz",
      "integrity": "sha512-LTMZiiLc+V4v1Yi16TD6aX2gmtKszNye0pQgbaLqkvhIqP7nVsSaJsWloGQjJfJ8offaoP5GtX3yY5swbcJxxQ==",
      "funding": [
        {
          "type": "individual",
          "url": "https://paulmillr.com/funding/"
        }
      ]
    },
    "node_modules/@noble/secp256k1": {
      "version": "1.7.1",
      "resolved": "https://registry.npmjs.org/@noble/secp256k1/-/secp256k1-1.7.1.tgz",
      "integrity": "sha512-hOUk6AyBFmqVrv7k5WAw/LpszxVbj9gGN4JRkIX52fdFAj1UA61KXmZDvqVEm+pOyec3+fIeZB02LYa/pWOArw==",
      "funding": [
        {
          "type": "individual",
          "url": "https://paulmillr.com/funding/"
        }
      ]
    },
    "node_modules/@scure/base": {
      "version": "1.1.9",
      "resolved": "https://registry.npmjs.org/@scure/base/-/base-1.1.9.tgz",
      "integrity": "sha512-8YKhl8GHiNI/pU2VMaofa2Tor7PJRAjwQLBBuilkJ9L5+13yVbC7JO/wS7piioAvPSwR3JKM1IJ/u4xQzbcXKg==",
      "funding": {
        "url": "https://paulmillr.com/funding/"
      }
    },
    "node_modules/@scure/bip32": {
      "version": "1.1.3",
      "resolved": "https://registry.npmjs.org/@scure/bip32/-/bip32-1.1.3.tgz",
      "integrity": "sha512-dSH3+LCWONlSNQuF34xZrG6Xas7tp2jSSqHb/pMfXWM0vKE4JZOtK3uJfoWouUVW5IGlls75HkXmYLldZ8ySgQ==",
      "funding": [
        {
          "type": "individual",
          "url": "https://paulmillr.com/funding/"
        }
      ],
      "dependencies": {
        "@noble/hashes": "~1.1.3",
        "@noble/secp256k1": "~1.7.0",
        "@scure/base": "~1.1.0"
      }
    },
    "node_modules/@scure/bip39": {
      "version": "1.1.0",
      "resolved": "https://registry.npmjs.org/@scure/bip39/-/bip39-1.1.0.tgz",
      "integrity": "sha512-pwrPOS16VeTKg98dYXQyIjJEcWfz7/1YJIwxUEPFfQPtc86Ym/1sVgQ2RLoD43AazMk2l/unK4ITySSpW2+82w==",
      "funding": [
        {
          "type": "individual",
          "url": "https://paulmillr.com/funding/"
        }
      ],
      "dependencies": {
        "@noble/hashes": "~1.1.1",
        "@scure/base": "~1.1.0"
      }
    },
    "node_modules/@scure/btc-signer": {
      "version": "1.7.0",
      "resolved": "https://registry.npmjs.org/@scure/btc-signer/-/btc-signer-1.7.0.tgz",
      "integrity": "sha512-GqwwBp05GLTJQ1Ja6am64GhDSFqKJrFbavMt/UZF4pNn/gXbZUcuWjJA4g7qtOudW1MGRYkIO5JsPWi6JmSoQw==",
      "dependencies": {
        "@noble/curves": "~1.8.1",
        "@noble/hashes": "~1.7.1",
        "@scure/base": "~1.2.2",
        "micro-packed": "~0.7.2"
      },
      "funding": {
        "url": "https://paulmillr.com/funding/"
      }
    },
    "node_modules/@scure/btc-signer/node_modules/@noble/hashes": {
      "version": "1.7.1",
      "resolved": "https://registry.npmjs.org/@noble/hashes/-/hashes-1.7.1.tgz",
      "integrity": "sha512-B8XBPsn4vT/KJAGqDzbwztd+6Yte3P4V7iafm24bxgDe/mlRuK6xmWPuCNrKt2vDafZ8MfJLlchDG/vYafQEjQ==",
      "engines": {
        "node": "^14.21.3 || >=16"
      },
      "funding": {
        "url": "https://paulmillr.com/funding/"
      }
    },
    "node_modules/@scure/btc-signer/node_modules/@scure/base": {
      "version": "1.2.4",
      "resolved": "https://registry.npmjs.org/@scure/base/-/base-1.2.4.tgz",
      "integrity": "sha512-5Yy9czTO47mqz+/J8GM6GIId4umdCk1wc1q8rKERQulIoc8VP9pzDcghv10Tl2E7R96ZUx/PhND3ESYUQX8NuQ==",
      "funding": {
        "url": "https://paulmillr.com/funding/"
      }
    },
    "node_modules/@scure/btc-signer/node_modules/micro-packed": {
      "version": "0.7.2",
      "resolved": "https://registry.npmjs.org/micro-packed/-/micro-packed-0.7.2.tgz",
      "integrity": "sha512-HJ/u8+tMzgrJVAl6P/4l8KGjJSA3SCZaRb1m4wpbovNScCSmVOGUYbkkcoPPcknCHWPpRAdjy+yqXqyQWf+k8g==",
      "dependencies": {
        "@scure/base": "~1.2.2"
      },
      "funding": {
        "url": "https://paulmillr.com/funding/"
      }
    },
    "node_modules/@stacks/auth": {
      "version": "7.0.5",
      "resolved": "https://registry.npmjs.org/@stacks/auth/-/auth-7.0.5.tgz",
      "integrity": "sha512-BdtEcQt2ee+RR9Y1sg0tF2TduiVBhJkq0KFC6UzqmtejNChfvnCic9jjv+e5iYUs1BMJaSwuLjEANYDfCyjYvg==",
      "dependencies": {
        "@noble/secp256k1": "1.7.1",
        "@stacks/common": "^7.0.2",
        "@stacks/encryption": "^7.0.5",
        "@stacks/network": "^7.0.2",
        "@stacks/profile": "^7.0.5",
        "cross-fetch": "^3.1.5",
        "jsontokens": "^4.0.1"
      }
    },
    "node_modules/@stacks/common": {
      "version": "7.0.2",
      "resolved": "https://registry.npmjs.org/@stacks/common/-/common-7.0.2.tgz",
      "integrity": "sha512-+RSecHdkxOtswmE4tDDoZlYEuULpnTQVeDIG5eZ32opK8cFxf4EugAcK9CsIsHx/Se1yTEaQ21WGATmJGK84lQ=="
    },
    "node_modules/@stacks/encryption": {
      "version": "7.0.5",
      "resolved": "https://registry.npmjs.org/@stacks/encryption/-/encryption-7.0.5.tgz",
      "integrity": "sha512-X42ZuUPX6vRb3JCt5nkqFunef9EeOLfHXjsKUD2HcOJT7hgC6p6VNTs5iwy/aOQMZdVsxFYAy56m5DbStPU06Q==",
      "dependencies": {
        "@noble/hashes": "1.1.5",
        "@noble/secp256k1": "1.7.1",
        "@scure/bip39": "1.1.0",
        "@stacks/common": "^7.0.2",
        "base64-js": "^1.5.1",
        "bs58": "^5.0.0",
        "ripemd160-min": "^0.0.6",
        "varuint-bitcoin": "^1.1.2"
      }
    },
    "node_modules/@stacks/network": {
      "version": "7.0.2",
      "resolved": "https://registry.npmjs.org/@stacks/network/-/network-7.0.2.tgz",
      "integrity": "sha512-XzHnoWqku/jRrTgMXhmh3c+I0O9vDH24KlhzGDZtBu+8CGGyHNPAZzGwvoUShonMXrXjEnfO9IYQwV5aJhfv6g==",
      "dependencies": {
        "@stacks/common": "^7.0.2",
        "cross-fetch": "^3.1.5"
      }
    },
    "node_modules/@stacks/profile": {
      "version": "7.0.5",
      "resolved": "https://registry.npmjs.org/@stacks/profile/-/profile-7.0.5.tgz",
      "integrity": "sha512-XZfIkq2DkEaCT5mKTFhiQ1WF4CGH6LEnUHz9UPGQdlWRsUR9T3ZhTCuKvLinFoZ049JEXcsaUYLhxAihVcmjlA==",
      "dependencies": {
        "@stacks/common": "^7.0.2",
        "@stacks/network": "^7.0.2",
        "@stacks/transactions": "^7.0.5",
        "jsontokens": "^4.0.1",
        "schema-inspector": "^2.0.2",
        "zone-file": "^2.0.0-beta.3"
      }
    },
    "node_modules/@stacks/storage": {
      "version": "7.0.5",
      "resolved": "https://registry.npmjs.org/@stacks/storage/-/storage-7.0.5.tgz",
      "integrity": "sha512-MeSK3WxBd5AFB3JhKHNvZXNEUkbymAgDqgRjUCFQnGjyQM0XEpbtIUekW5wAUaXAWYyl7OsMV6lolhq0Ds7F0g==",
      "dependencies": {
        "@stacks/auth": "^7.0.5",
        "@stacks/common": "^7.0.2",
        "@stacks/encryption": "^7.0.5",
        "@stacks/network": "^7.0.2",
        "base64-js": "^1.5.1",
        "jsontokens": "^4.0.1"
      }
    },
    "node_modules/@stacks/transactions": {
      "version": "7.0.5",
      "resolved": "https://registry.npmjs.org/@stacks/transactions/-/transactions-7.0.5.tgz",
      "integrity": "sha512-mHsv7lUbZ5w4MKJ3NAirtdClIXLNKMqWIqT2rLjbIHzlYBqvZaELJSYD+km6E7Cm9G3yUYszorhruQmSTgilbg==",
      "dependencies": {
        "@noble/hashes": "1.1.5",
        "@noble/secp256k1": "1.7.1",
        "@stacks/common": "^7.0.2",
        "@stacks/network": "^7.0.2",
        "c32check": "^2.0.0",
        "lodash.clonedeep": "^4.5.0"
      }
    },
    "node_modules/@stacks/wallet-sdk": {
      "version": "7.0.5",
      "resolved": "https://registry.npmjs.org/@stacks/wallet-sdk/-/wallet-sdk-7.0.5.tgz",
      "integrity": "sha512-VSFO3dulbsRmn9FNteYYfrPs1Q90Mir3qzBIBH7d1BwPdYewoUmmoMIm+Y49u1mNw+flad4ikq30JRfMQrCDCw==",
      "dependencies": {
        "@scure/bip32": "1.1.3",
        "@scure/bip39": "1.1.0",
        "@stacks/auth": "^7.0.5",
        "@stacks/common": "^7.0.2",
        "@stacks/encryption": "^7.0.5",
        "@stacks/network": "^7.0.2",
        "@stacks/profile": "^7.0.5",
        "@stacks/storage": "^7.0.5",
        "@stacks/transactions": "^7.0.5",
        "c32check": "^2.0.0",
        "jsontokens": "^4.0.1",
        "zone-file": "^2.0.0-beta.3"
      }
    },
    "node_modules/@types/bun": {
      "version": "1.2.1",
      "resolved": "https://registry.npmjs.org/@types/bun/-/bun-1.2.1.tgz",
      "integrity": "sha512-iiCeMAKMkft8EPQJxSbpVRD0DKqrh91w40zunNajce3nMNNFd/LnAquVisSZC+UpTMjDwtcdyzbWct08IvEqRA==",
      "dev": true,
      "dependencies": {
        "bun-types": "1.2.1"
      }
    },
    "node_modules/@types/node": {
      "version": "22.12.0",
      "resolved": "https://registry.npmjs.org/@types/node/-/node-22.12.0.tgz",
      "integrity": "sha512-Fll2FZ1riMjNmlmJOdAyY5pUbkftXslB5DgEzlIuNaiWhXd00FhWxVC/r4yV/4wBb9JfImTu+jiSvXTkJ7F/gA==",
      "dependencies": {
        "undici-types": "~6.20.0"
      }
    },
    "node_modules/@types/node-fetch": {
      "version": "2.6.12",
      "resolved": "https://registry.npmjs.org/@types/node-fetch/-/node-fetch-2.6.12.tgz",
      "integrity": "sha512-8nneRWKCg3rMtF69nLQJnOYUcbafYeFSjqkw3jCRLsqkWFlHaoQrr5mXmofFGOx3DKn7UfmBMyov8ySvLRVldA==",
      "dependencies": {
        "@types/node": "*",
        "form-data": "^4.0.0"
      }
    },
    "node_modules/@types/ws": {
      "version": "8.5.14",
      "resolved": "https://registry.npmjs.org/@types/ws/-/ws-8.5.14.tgz",
      "integrity": "sha512-bd/YFLW+URhBzMXurx7lWByOu+xzU9+kb3RboOteXYDfW+tr+JZa99OyNmPINEGB/ahzKrEuc8rcv4gnpJmxTw==",
      "dev": true,
      "dependencies": {
        "@types/node": "*"
      }
    },
    "node_modules/abort-controller": {
      "version": "3.0.0",
      "resolved": "https://registry.npmjs.org/abort-controller/-/abort-controller-3.0.0.tgz",
      "integrity": "sha512-h8lQ8tacZYnR3vNQTgibj+tODHI5/+l06Au2Pcriv/Gmet0eaj4TwWH41sO9wnHDiQsEj19q0drzdWdeAHtweg==",
      "dependencies": {
        "event-target-shim": "^5.0.0"
      },
      "engines": {
        "node": ">=6.5"
      }
    },
    "node_modules/agentkeepalive": {
      "version": "4.6.0",
      "resolved": "https://registry.npmjs.org/agentkeepalive/-/agentkeepalive-4.6.0.tgz",
      "integrity": "sha512-kja8j7PjmncONqaTsB8fQ+wE2mSU2DJ9D4XKoJ5PFWIdRMa6SLSN1ff4mOr4jCbfRSsxR4keIiySJU0N9T5hIQ==",
      "dependencies": {
        "humanize-ms": "^1.2.1"
      },
      "engines": {
        "node": ">= 8.0.0"
      }
    },
    "node_modules/async": {
      "version": "2.6.4",
      "resolved": "https://registry.npmjs.org/async/-/async-2.6.4.tgz",
      "integrity": "sha512-mzo5dfJYwAn29PeiJ0zvwTo04zj8HDJj0Mn8TD7sno7q12prdbnasKJHhkm2c1LgrhlJ0teaea8860oxi51mGA==",
      "dependencies": {
        "lodash": "^4.17.14"
      }
    },
    "node_modules/asynckit": {
      "version": "0.4.0",
      "resolved": "https://registry.npmjs.org/asynckit/-/asynckit-0.4.0.tgz",
      "integrity": "sha512-Oei9OH4tRh0YqU3GxhX79dM/mwVgvbZJaSNaRk+bshkj0S5cfHcgYakreBjrHwatXKbz+IoIdYLxrKim2MjW0Q=="
    },
    "node_modules/axios": {
      "version": "1.8.3",
      "resolved": "https://registry.npmjs.org/axios/-/axios-1.8.3.tgz",
      "integrity": "sha512-iP4DebzoNlP/YN2dpwCgb8zoCmhtkajzS48JvwmkSkXvPI3DHc7m+XYL5tGnSlJtR6nImXZmdCuN5aP8dh1d8A==",
      "dependencies": {
        "follow-redirects": "^1.15.6",
        "form-data": "^4.0.0",
        "proxy-from-env": "^1.1.0"
      }
    },
    "node_modules/base-x": {
      "version": "4.0.1",
      "resolved": "https://registry.npmjs.org/base-x/-/base-x-4.0.1.tgz",
      "integrity": "sha512-uAZ8x6r6S3aUM9rbHGVOIsR15U/ZSc82b3ymnCPsT45Gk1DDvhDPdIgB5MrhirZWt+5K0EEPQH985kNqZgNPFw=="
    },
    "node_modules/base64-js": {
      "version": "1.5.1",
      "resolved": "https://registry.npmjs.org/base64-js/-/base64-js-1.5.1.tgz",
      "integrity": "sha512-AKpaYlHn8t4SVbOHCy+b5+KKgvR4vrsD8vbvrbiQJps7fKDTkjkDry6ji0rUJjC0kzbNePLwzxq8iypo41qeWA==",
      "funding": [
        {
          "type": "github",
          "url": "https://github.com/sponsors/feross"
        },
        {
          "type": "patreon",
          "url": "https://www.patreon.com/feross"
        },
        {
          "type": "consulting",
          "url": "https://feross.org/support"
        }
      ]
    },
    "node_modules/bs58": {
      "version": "5.0.0",
      "resolved": "https://registry.npmjs.org/bs58/-/bs58-5.0.0.tgz",
      "integrity": "sha512-r+ihvQJvahgYT50JD05dyJNKlmmSlMoOGwn1lCcEzanPglg7TxYjioQUYehQ9mAR/+hOSd2jRc/Z2y5UxBymvQ==",
      "dependencies": {
        "base-x": "^4.0.0"
      }
    },
    "node_modules/bun-types": {
      "version": "1.2.1",
      "resolved": "https://registry.npmjs.org/bun-types/-/bun-types-1.2.1.tgz",
      "integrity": "sha512-p7bmXUWmrPWxhcbFVk7oUXM5jAGt94URaoa3qf4mz43MEhNAo/ot1urzBqctgvuq7y9YxkuN51u+/qm4BiIsHw==",
      "dev": true,
      "dependencies": {
        "@types/node": "*",
        "@types/ws": "~8.5.10"
      }
    },
    "node_modules/c32check": {
      "version": "2.0.0",
      "resolved": "https://registry.npmjs.org/c32check/-/c32check-2.0.0.tgz",
      "integrity": "sha512-rpwfAcS/CMqo0oCqDf3r9eeLgScRE3l/xHDCXhM3UyrfvIn7PrLq63uHh7yYbv8NzaZn5MVsVhIRpQ+5GZ5HyA==",
      "dependencies": {
        "@noble/hashes": "^1.1.2",
        "base-x": "^4.0.0"
      },
      "engines": {
        "node": ">=8"
      }
    },
    "node_modules/combined-stream": {
      "version": "1.0.8",
      "resolved": "https://registry.npmjs.org/combined-stream/-/combined-stream-1.0.8.tgz",
      "integrity": "sha512-FQN4MRfuJeHf7cBbBMJFXhKSDq+2kAArBlmRBvcvFE5BB1HZKXtSFASDhdlz9zOYwxh8lDdnvmMOe/+5cdoEdg==",
      "dependencies": {
        "delayed-stream": "~1.0.0"
      },
      "engines": {
        "node": ">= 0.8"
      }
    },
    "node_modules/cross-fetch": {
      "version": "3.2.0",
      "resolved": "https://registry.npmjs.org/cross-fetch/-/cross-fetch-3.2.0.tgz",
      "integrity": "sha512-Q+xVJLoGOeIMXZmbUK4HYk+69cQH6LudR0Vu/pRm2YlU/hDV9CiS0gKUMaWY5f2NeUH9C1nV3bsTlCo0FsTV1Q==",
      "dependencies": {
        "node-fetch": "^2.7.0"
      }
    },
    "node_modules/delayed-stream": {
      "version": "1.0.0",
      "resolved": "https://registry.npmjs.org/delayed-stream/-/delayed-stream-1.0.0.tgz",
      "integrity": "sha512-ZySD7Nf91aLB0RxL4KGrKHBXl7Eds1DAmEdcoVawXnLD7SDhpNgtuII2aAkg7a7QS41jxPSZ17p4VdGnMHk3MQ==",
      "engines": {
        "node": ">=0.4.0"
      }
    },
    "node_modules/dotenv": {
      "version": "16.4.7",
      "resolved": "https://registry.npmjs.org/dotenv/-/dotenv-16.4.7.tgz",
      "integrity": "sha512-47qPchRCykZC03FhkYAhrvwU4xDBFIj1QPqaarj6mdM/hgUzfPHcpkHJOn3mJAufFeeAxAzeGsr5X0M4k6fLZQ==",
      "engines": {
        "node": ">=12"
      },
      "funding": {
        "url": "https://dotenvx.com"
      }
    },
    "node_modules/event-target-shim": {
      "version": "5.0.1",
      "resolved": "https://registry.npmjs.org/event-target-shim/-/event-target-shim-5.0.1.tgz",
      "integrity": "sha512-i/2XbnSz/uxRCU6+NdVJgKWDTM427+MqYbkQzD321DuCQJUqOuJKIA0IM2+W2xtYHdKOmZ4dR6fExsd4SXL+WQ==",
      "engines": {
        "node": ">=6"
      }
    },
    "node_modules/follow-redirects": {
      "version": "1.15.9",
      "resolved": "https://registry.npmjs.org/follow-redirects/-/follow-redirects-1.15.9.tgz",
      "integrity": "sha512-gew4GsXizNgdoRyqmyfMHyAmXsZDk6mHkSxZFCzW9gwlbtOW44CDtYavM+y+72qD/Vq2l550kMF52DT8fOLJqQ==",
      "funding": [
        {
          "type": "individual",
          "url": "https://github.com/sponsors/RubenVerborgh"
        }
      ],
      "engines": {
        "node": ">=4.0"
      },
      "peerDependenciesMeta": {
        "debug": {
          "optional": true
        }
      }
    },
    "node_modules/form-data": {
      "version": "4.0.1",
      "resolved": "https://registry.npmjs.org/form-data/-/form-data-4.0.1.tgz",
      "integrity": "sha512-tzN8e4TX8+kkxGPK8D5u0FNmjPUjw3lwC9lSLxxoB/+GtsJG91CO8bSWy73APlgAZzZbXEYZJuxjkHH2w+Ezhw==",
      "dependencies": {
        "asynckit": "^0.4.0",
        "combined-stream": "^1.0.8",
        "mime-types": "^2.1.12"
      },
      "engines": {
        "node": ">= 6"
      }
    },
    "node_modules/form-data-encoder": {
      "version": "1.7.2",
      "resolved": "https://registry.npmjs.org/form-data-encoder/-/form-data-encoder-1.7.2.tgz",
      "integrity": "sha512-qfqtYan3rxrnCk1VYaA4H+Ms9xdpPqvLZa6xmMgFvhO32x7/3J/ExcTd6qpxM0vH2GdMI+poehyBZvqfMTto8A=="
    },
    "node_modules/formdata-node": {
      "version": "4.4.1",
      "resolved": "https://registry.npmjs.org/formdata-node/-/formdata-node-4.4.1.tgz",
      "integrity": "sha512-0iirZp3uVDjVGt9p49aTaqjk84TrglENEDuqfdlZQ1roC9CWlPk6Avf8EEnZNcAqPonwkG35x4n3ww/1THYAeQ==",
      "dependencies": {
        "node-domexception": "1.0.0",
        "web-streams-polyfill": "4.0.0-beta.3"
      },
      "engines": {
        "node": ">= 12.20"
      }
    },
    "node_modules/humanize-ms": {
      "version": "1.2.1",
      "resolved": "https://registry.npmjs.org/humanize-ms/-/humanize-ms-1.2.1.tgz",
      "integrity": "sha512-Fl70vYtsAFb/C06PTS9dZBo7ihau+Tu/DNCk/OyHhea07S+aeMWpFFkUaXRa8fI+ScZbEI8dfSxwY7gxZ9SAVQ==",
      "dependencies": {
        "ms": "^2.0.0"
      }
    },
    "node_modules/jsontokens": {
      "version": "4.0.1",
      "resolved": "https://registry.npmjs.org/jsontokens/-/jsontokens-4.0.1.tgz",
      "integrity": "sha512-+MO415LEN6M+3FGsRz4wU20g7N2JA+2j9d9+pGaNJHviG4L8N0qzavGyENw6fJqsq9CcrHOIL6iWX5yeTZ86+Q==",
      "dependencies": {
        "@noble/hashes": "^1.1.2",
        "@noble/secp256k1": "^1.6.3",
        "base64-js": "^1.5.1"
      }
    },
    "node_modules/lodash": {
      "version": "4.17.21",
      "resolved": "https://registry.npmjs.org/lodash/-/lodash-4.17.21.tgz",
      "integrity": "sha512-v2kDEe57lecTulaDIuNTPy3Ry4gLGJ6Z1O3vE1krgXZNrsQ+LFTGHVxVjcXPs17LhbZVGedAJv8XZ1tvj5FvSg=="
    },
    "node_modules/lodash.clonedeep": {
      "version": "4.5.0",
      "resolved": "https://registry.npmjs.org/lodash.clonedeep/-/lodash.clonedeep-4.5.0.tgz",
      "integrity": "sha512-H5ZhCF25riFd9uB5UCkVKo61m3S/xZk1x4wA6yp/L3RFP6Z/eHH1ymQcGLo7J3GMPfm0V/7m1tryHuGVxpqEBQ=="
    },
    "node_modules/micro-packed": {
      "version": "0.6.3",
      "resolved": "https://registry.npmjs.org/micro-packed/-/micro-packed-0.6.3.tgz",
      "integrity": "sha512-VmVkyc7lIzAq/XCPFuLc/CwQ7Ehs5XDK3IwqsZHiBIDttAI9Gs7go6Lv4lNRuAIKrGKcRTtthFKUNyHS0S4wJQ==",
      "dependencies": {
        "@scure/base": "~1.1.5"
      },
      "funding": {
        "url": "https://paulmillr.com/funding/"
      }
    },
    "node_modules/mime-db": {
      "version": "1.52.0",
      "resolved": "https://registry.npmjs.org/mime-db/-/mime-db-1.52.0.tgz",
      "integrity": "sha512-sPU4uV7dYlvtWJxwwxHD0PuihVNiE7TyAbQ5SWxDCB9mUYvOgroQOwYQQOKPJ8CIbE+1ETVlOoK1UC2nU3gYvg==",
      "engines": {
        "node": ">= 0.6"
      }
    },
    "node_modules/mime-types": {
      "version": "2.1.35",
      "resolved": "https://registry.npmjs.org/mime-types/-/mime-types-2.1.35.tgz",
      "integrity": "sha512-ZDY+bPm5zTTF+YpCrAU9nK0UgICYPT0QtT1NZWFv4s++TNkcgVaT0g6+4R2uI4MjQjzysHB1zxuWL50hzaeXiw==",
      "dependencies": {
        "mime-db": "1.52.0"
      },
      "engines": {
        "node": ">= 0.6"
      }
    },
    "node_modules/ms": {
      "version": "2.1.3",
      "resolved": "https://registry.npmjs.org/ms/-/ms-2.1.3.tgz",
      "integrity": "sha512-6FlzubTLZG3J2a/NVCAleEhjzq5oxgHyaCU9yYXvcLsvoVaHJq/s5xXI6/XXP6tz7R9xAOtHnSO/tXtF3WRTlA=="
    },
    "node_modules/node-domexception": {
      "version": "1.0.0",
      "resolved": "https://registry.npmjs.org/node-domexception/-/node-domexception-1.0.0.tgz",
      "integrity": "sha512-/jKZoMpw0F8GRwl4/eLROPA3cfcXtLApP0QzLmUT/HuPCZWyB7IY9ZrMeKw2O/nFIqPQB3PVM9aYm0F312AXDQ==",
      "funding": [
        {
          "type": "github",
          "url": "https://github.com/sponsors/jimmywarting"
        },
        {
          "type": "github",
          "url": "https://paypal.me/jimmywarting"
        }
      ],
      "engines": {
        "node": ">=10.5.0"
      }
    },
    "node_modules/node-fetch": {
      "version": "2.7.0",
      "resolved": "https://registry.npmjs.org/node-fetch/-/node-fetch-2.7.0.tgz",
      "integrity": "sha512-c4FRfUm/dbcWZ7U+1Wq0AwCyFL+3nt2bEw05wfxSz+DWpWsitgmSgYmy2dQdWyKC1694ELPqMs/YzUSNozLt8A==",
      "dependencies": {
        "whatwg-url": "^5.0.0"
      },
      "engines": {
        "node": "4.x || >=6.0.0"
      },
      "peerDependencies": {
        "encoding": "^0.1.0"
      },
      "peerDependenciesMeta": {
        "encoding": {
          "optional": true
        }
      }
    },
    "node_modules/openai": {
      "version": "4.80.1",
      "resolved": "https://registry.npmjs.org/openai/-/openai-4.80.1.tgz",
      "integrity": "sha512-+6+bbXFwbIE88foZsBEt36bPkgZPdyFN82clAXG61gnHb2gXdZApDyRrcAHqEtpYICywpqaNo57kOm9dtnb7Cw==",
      "dependencies": {
        "@types/node": "^18.11.18",
        "@types/node-fetch": "^2.6.4",
        "abort-controller": "^3.0.0",
        "agentkeepalive": "^4.2.1",
        "form-data-encoder": "1.7.2",
        "formdata-node": "^4.3.2",
        "node-fetch": "^2.6.7"
      },
      "bin": {
        "openai": "bin/cli"
      },
      "peerDependencies": {
        "ws": "^8.18.0",
        "zod": "^3.23.8"
      },
      "peerDependenciesMeta": {
        "ws": {
          "optional": true
        },
        "zod": {
          "optional": true
        }
      }
    },
    "node_modules/openai/node_modules/@types/node": {
      "version": "18.19.74",
      "resolved": "https://registry.npmjs.org/@types/node/-/node-18.19.74.tgz",
      "integrity": "sha512-HMwEkkifei3L605gFdV+/UwtpxP6JSzM+xFk2Ia6DNFSwSVBRh9qp5Tgf4lNFOMfPVuU0WnkcWpXZpgn5ufO4A==",
      "dependencies": {
        "undici-types": "~5.26.4"
      }
    },
    "node_modules/openai/node_modules/undici-types": {
      "version": "5.26.5",
      "resolved": "https://registry.npmjs.org/undici-types/-/undici-types-5.26.5.tgz",
      "integrity": "sha512-JlCMO+ehdEIKqlFxk6IfVoAUVmgz7cU7zD/h9XZ0qzeosSHmUJVOzSQvvYSYWXkFXC+IfLKSIffhv0sVZup6pA=="
    },
    "node_modules/proxy-from-env": {
      "version": "1.1.0",
      "resolved": "https://registry.npmjs.org/proxy-from-env/-/proxy-from-env-1.1.0.tgz",
      "integrity": "sha512-D+zkORCbA9f1tdWRK0RaCR3GPv50cMxcrz4X8k5LTSUD1Dkw47mKJEZQNunItRTkWwgtaUSo1RVFRIG9ZXiFYg=="
    },
    "node_modules/readline": {
      "version": "1.3.0",
      "resolved": "https://registry.npmjs.org/readline/-/readline-1.3.0.tgz",
      "integrity": "sha512-k2d6ACCkiNYz222Fs/iNze30rRJ1iIicW7JuX/7/cozvih6YCkFZH+J6mAFDVgv0dRBaAyr4jDqC95R2y4IADg=="
    },
    "node_modules/ripemd160-min": {
      "version": "0.0.6",
      "resolved": "https://registry.npmjs.org/ripemd160-min/-/ripemd160-min-0.0.6.tgz",
      "integrity": "sha512-+GcJgQivhs6S9qvLogusiTcS9kQUfgR75whKuy5jIhuiOfQuJ8fjqxV6EGD5duH1Y/FawFUMtMhyeq3Fbnib8A==",
      "engines": {
        "node": ">=8"
      }
    },
    "node_modules/safe-buffer": {
      "version": "5.2.1",
      "resolved": "https://registry.npmjs.org/safe-buffer/-/safe-buffer-5.2.1.tgz",
      "integrity": "sha512-rp3So07KcdmmKbGvgaNxQSJr7bGVSVk5S9Eq1F+ppbRo70+YeaDxkw5Dd8NPN+GD6bjnYm2VuPuCXmpuYvmCXQ==",
      "funding": [
        {
          "type": "github",
          "url": "https://github.com/sponsors/feross"
        },
        {
          "type": "patreon",
          "url": "https://www.patreon.com/feross"
        },
        {
          "type": "consulting",
          "url": "https://feross.org/support"
        }
      ]
    },
    "node_modules/sbtc": {
      "version": "0.3.2",
      "resolved": "https://registry.npmjs.org/sbtc/-/sbtc-0.3.2.tgz",
      "integrity": "sha512-NjU9vDz2d1XMBGplT9S1x2IRJTIbZX4wAq8TNEMFiUmaj7MVp/3cJTPHiHmS4P+hIHNfrHLUUoe/i4ToIkp5yw==",
      "dependencies": {
        "@btc-helpers/rpc": "^2.0.0",
        "@noble/secp256k1": "^2.1.0",
        "@scure/base": "^1.1.9",
        "@scure/btc-signer": "^1.4.0",
        "@stacks/common": "^7.0.2",
        "@stacks/encryption": "^7.0.2",
        "@stacks/network": "^7.0.2",
        "@stacks/transactions": "^7.0.2",
        "c32check": "^2.0.0",
        "micro-packed": "^0.6.3"
      }
    },
    "node_modules/sbtc/node_modules/@noble/secp256k1": {
      "version": "2.2.3",
      "resolved": "https://registry.npmjs.org/@noble/secp256k1/-/secp256k1-2.2.3.tgz",
      "integrity": "sha512-l7r5oEQym9Us7EAigzg30/PQAvynhMt2uoYtT3t26eGDVm9Yii5mZ5jWSWmZ/oSIR2Et0xfc6DXrG0bZ787V3w==",
      "funding": {
        "url": "https://paulmillr.com/funding/"
      }
    },
    "node_modules/schema-inspector": {
      "version": "2.1.0",
      "resolved": "https://registry.npmjs.org/schema-inspector/-/schema-inspector-2.1.0.tgz",
      "integrity": "sha512-3bmQVhbA01/EW8cZin4vIpqlpNU2SIy4BhKCfCgogJ3T/L76dLx3QAE+++4o+dNT33sa+SN9vOJL7iHiHFjiNg==",
      "dependencies": {
        "async": "~2.6.3"
      }
    },
    "node_modules/tr46": {
      "version": "0.0.3",
      "resolved": "https://registry.npmjs.org/tr46/-/tr46-0.0.3.tgz",
      "integrity": "sha512-N3WMsuqV66lT30CrXNbEjx4GEwlow3v6rr4mCcv6prnfwhS01rkgyFdjPNBYd9br7LpXV1+Emh01fHnq2Gdgrw=="
    },
    "node_modules/typescript": {
      "version": "5.7.3",
      "resolved": "https://registry.npmjs.org/typescript/-/typescript-5.7.3.tgz",
      "integrity": "sha512-84MVSjMEHP+FQRPy3pX9sTVV/INIex71s9TL2Gm5FG/WG1SqXeKyZ0k7/blY/4FdOzI12CBy1vGc4og/eus0fw==",
      "peer": true,
      "bin": {
        "tsc": "bin/tsc",
        "tsserver": "bin/tsserver"
      },
      "engines": {
        "node": ">=14.17"
      }
    },
    "node_modules/undici-types": {
      "version": "6.20.0",
      "resolved": "https://registry.npmjs.org/undici-types/-/undici-types-6.20.0.tgz",
      "integrity": "sha512-Ny6QZ2Nju20vw1SRHe3d9jVu6gJ+4e3+MMpqu7pqE5HT6WsTSlce++GQmK5UXS8mzV8DSYHrQH+Xrf2jVcuKNg=="
    },
    "node_modules/varuint-bitcoin": {
      "version": "1.1.2",
      "resolved": "https://registry.npmjs.org/varuint-bitcoin/-/varuint-bitcoin-1.1.2.tgz",
      "integrity": "sha512-4EVb+w4rx+YfVM32HQX42AbbT7/1f5zwAYhIujKXKk8NQK+JfRVl3pqT3hjNn/L+RstigmGGKVwHA/P0wgITZw==",
      "dependencies": {
        "safe-buffer": "^5.1.1"
      }
    },
    "node_modules/web-streams-polyfill": {
      "version": "4.0.0-beta.3",
      "resolved": "https://registry.npmjs.org/web-streams-polyfill/-/web-streams-polyfill-4.0.0-beta.3.tgz",
      "integrity": "sha512-QW95TCTaHmsYfHDybGMwO5IJIM93I/6vTRk+daHTWFPhwh+C8Cg7j7XyKrwrj8Ib6vYXe0ocYNrmzY4xAAN6ug==",
      "engines": {
        "node": ">= 14"
      }
    },
    "node_modules/webidl-conversions": {
      "version": "3.0.1",
      "resolved": "https://registry.npmjs.org/webidl-conversions/-/webidl-conversions-3.0.1.tgz",
      "integrity": "sha512-2JAn3z8AR6rjK8Sm8orRC0h/bcl/DqL7tRPdGZ4I1CjdF+EaMLmYxBHyXuKL849eucPFhvBoxMsflfOb8kxaeQ=="
    },
    "node_modules/whatwg-url": {
      "version": "5.0.0",
      "resolved": "https://registry.npmjs.org/whatwg-url/-/whatwg-url-5.0.0.tgz",
      "integrity": "sha512-saE57nupxk6v3HY35+jzBwYa0rKSy0XR8JSxZPwgLr7ys0IBzhGviA1/TUGJLmSVqs8pb9AnvICXEuOHLprYTw==",
      "dependencies": {
        "tr46": "~0.0.3",
        "webidl-conversions": "^3.0.0"
      }
    },
    "node_modules/ws": {
      "version": "8.18.0",
      "resolved": "https://registry.npmjs.org/ws/-/ws-8.18.0.tgz",
      "integrity": "sha512-8VbfWfHLbbwu3+N6OKsOMpBdT4kXPDDB9cJk2bJ6mh9ucxdlnNvH1e+roYkKmN9Nxw2yjz7VzeO9oOz2zJ04Pw==",
      "optional": true,
      "peer": true,
      "engines": {
        "node": ">=10.0.0"
      },
      "peerDependencies": {
        "bufferutil": "^4.0.1",
        "utf-8-validate": ">=5.0.2"
      },
      "peerDependenciesMeta": {
        "bufferutil": {
          "optional": true
        },
        "utf-8-validate": {
          "optional": true
        }
      }
    },
    "node_modules/zone-file": {
      "version": "2.0.0-beta.3",
      "resolved": "https://registry.npmjs.org/zone-file/-/zone-file-2.0.0-beta.3.tgz",
      "integrity": "sha512-6tE3PSRcpN5lbTTLlkLez40WkNPc9vw/u1J2j6DBiy0jcVX48nCkWrx2EC+bWHqC2SLp069Xw4AdnYn/qp/W5g==",
      "engines": {
        "node": ">=10"
      }
    }
  }
}
